// !$*UTF8*$!
{
	archiveVersion = 1;
	classes = {
	};
	objectVersion = 56;
	objects = {

/* Begin PBXBuildFile section */
		808614BB2977D4560082F4E4 /* EpisodePlayer.storyboard in Resources */ = {isa = PBXBuildFile; fileRef = 808614BA2977D4560082F4E4 /* EpisodePlayer.storyboard */; };
		808614BD2977D46C0082F4E4 /* EpisodePlayerViewController.swift in Sources */ = {isa = PBXBuildFile; fileRef = 808614BC2977D46C0082F4E4 /* EpisodePlayerViewController.swift */; };
		808BAE102976F24F00FD4596 /* AppDelegate.swift in Sources */ = {isa = PBXBuildFile; fileRef = 808BAE0F2976F24F00FD4596 /* AppDelegate.swift */; };
		808BAE122976F24F00FD4596 /* SceneDelegate.swift in Sources */ = {isa = PBXBuildFile; fileRef = 808BAE112976F24F00FD4596 /* SceneDelegate.swift */; };
		808BAE172976F24F00FD4596 /* Main.storyboard in Resources */ = {isa = PBXBuildFile; fileRef = 808BAE152976F24F00FD4596 /* Main.storyboard */; };
		808BAE192976F25000FD4596 /* Assets.xcassets in Resources */ = {isa = PBXBuildFile; fileRef = 808BAE182976F25000FD4596 /* Assets.xcassets */; };
		808BAE1C2976F25000FD4596 /* LaunchScreen.storyboard in Resources */ = {isa = PBXBuildFile; fileRef = 808BAE1A2976F25000FD4596 /* LaunchScreen.storyboard */; };
		808BAE2B2977011800FD4596 /* Character.storyboard in Resources */ = {isa = PBXBuildFile; fileRef = 808BAE2A2977011800FD4596 /* Character.storyboard */; };
		808BAE2D2977012B00FD4596 /* CharacterViewController.swift in Sources */ = {isa = PBXBuildFile; fileRef = 808BAE2C2977012B00FD4596 /* CharacterViewController.swift */; };
		808BAE302977013B00FD4596 /* Episodes.storyboard in Resources */ = {isa = PBXBuildFile; fileRef = 808BAE2F2977013B00FD4596 /* Episodes.storyboard */; };
		808BAE322977014900FD4596 /* EpisodesViewController.swift in Sources */ = {isa = PBXBuildFile; fileRef = 808BAE312977014900FD4596 /* EpisodesViewController.swift */; };
		808BAE342977018200FD4596 /* TabBarController.swift in Sources */ = {isa = PBXBuildFile; fileRef = 808BAE332977018200FD4596 /* TabBarController.swift */; };
		808BAE372977032500FD4596 /* RMmodelCharacters.swift in Sources */ = {isa = PBXBuildFile; fileRef = 808BAE362977032500FD4596 /* RMmodelCharacters.swift */; };
		808BAE3A2977033E00FD4596 /* APIManager.swift in Sources */ = {isa = PBXBuildFile; fileRef = 808BAE392977033E00FD4596 /* APIManager.swift */; };
		808BAE3C2977074100FD4596 /* EpisodesModel.swift in Sources */ = {isa = PBXBuildFile; fileRef = 808BAE3B2977074100FD4596 /* EpisodesModel.swift */; };
		808BAE3E2977078000FD4596 /* EpisodesAPIManager.swift in Sources */ = {isa = PBXBuildFile; fileRef = 808BAE3D2977078000FD4596 /* EpisodesAPIManager.swift */; };
		808BAE422977089800FD4596 /* CharactersTableViewCell.swift in Sources */ = {isa = PBXBuildFile; fileRef = 808BAE402977089800FD4596 /* CharactersTableViewCell.swift */; };
		808BAE432977089800FD4596 /* CharactersTableViewCell.xib in Resources */ = {isa = PBXBuildFile; fileRef = 808BAE412977089800FD4596 /* CharactersTableViewCell.xib */; };
		808BAE4629770AE000FD4596 /* Kingfisher in Frameworks */ = {isa = PBXBuildFile; productRef = 808BAE4529770AE000FD4596 /* Kingfisher */; };
		80BD1DEE297717150092E81E /* EpisodeTableViewCell.swift in Sources */ = {isa = PBXBuildFile; fileRef = 80BD1DEC297717150092E81E /* EpisodeTableViewCell.swift */; };
		80BD1DEF297717150092E81E /* EpisodeTableViewCell.xib in Resources */ = {isa = PBXBuildFile; fileRef = 80BD1DED297717150092E81E /* EpisodeTableViewCell.xib */; };
/* End PBXBuildFile section */

/* Begin PBXFileReference section */
		808614BA2977D4560082F4E4 /* EpisodePlayer.storyboard */ = {isa = PBXFileReference; lastKnownFileType = file.storyboard; path = EpisodePlayer.storyboard; sourceTree = "<group>"; };
		808614BC2977D46C0082F4E4 /* EpisodePlayerViewController.swift */ = {isa = PBXFileReference; lastKnownFileType = sourcecode.swift; path = EpisodePlayerViewController.swift; sourceTree = "<group>"; };
		808BAE0C2976F24F00FD4596 /* RickAndMortyApp.app */ = {isa = PBXFileReference; explicitFileType = wrapper.application; includeInIndex = 0; path = RickAndMortyApp.app; sourceTree = BUILT_PRODUCTS_DIR; };
		808BAE0F2976F24F00FD4596 /* AppDelegate.swift */ = {isa = PBXFileReference; lastKnownFileType = sourcecode.swift; path = AppDelegate.swift; sourceTree = "<group>"; };
		808BAE112976F24F00FD4596 /* SceneDelegate.swift */ = {isa = PBXFileReference; lastKnownFileType = sourcecode.swift; path = SceneDelegate.swift; sourceTree = "<group>"; };
		808BAE162976F24F00FD4596 /* Base */ = {isa = PBXFileReference; lastKnownFileType = file.storyboard; name = Base; path = Base.lproj/Main.storyboard; sourceTree = "<group>"; };
		808BAE182976F25000FD4596 /* Assets.xcassets */ = {isa = PBXFileReference; lastKnownFileType = folder.assetcatalog; path = Assets.xcassets; sourceTree = "<group>"; };
		808BAE1B2976F25000FD4596 /* Base */ = {isa = PBXFileReference; lastKnownFileType = file.storyboard; name = Base; path = Base.lproj/LaunchScreen.storyboard; sourceTree = "<group>"; };
		808BAE1D2976F25000FD4596 /* Info.plist */ = {isa = PBXFileReference; lastKnownFileType = text.plist.xml; path = Info.plist; sourceTree = "<group>"; };
		808BAE2A2977011800FD4596 /* Character.storyboard */ = {isa = PBXFileReference; lastKnownFileType = file.storyboard; path = Character.storyboard; sourceTree = "<group>"; };
		808BAE2C2977012B00FD4596 /* CharacterViewController.swift */ = {isa = PBXFileReference; lastKnownFileType = sourcecode.swift; path = CharacterViewController.swift; sourceTree = "<group>"; };
		808BAE2F2977013B00FD4596 /* Episodes.storyboard */ = {isa = PBXFileReference; lastKnownFileType = file.storyboard; path = Episodes.storyboard; sourceTree = "<group>"; };
		808BAE312977014900FD4596 /* EpisodesViewController.swift */ = {isa = PBXFileReference; lastKnownFileType = sourcecode.swift; path = EpisodesViewController.swift; sourceTree = "<group>"; };
		808BAE332977018200FD4596 /* TabBarController.swift */ = {isa = PBXFileReference; lastKnownFileType = sourcecode.swift; path = TabBarController.swift; sourceTree = "<group>"; };
		808BAE362977032500FD4596 /* RMmodelCharacters.swift */ = {isa = PBXFileReference; lastKnownFileType = sourcecode.swift; path = RMmodelCharacters.swift; sourceTree = "<group>"; };
		808BAE392977033E00FD4596 /* APIManager.swift */ = {isa = PBXFileReference; lastKnownFileType = sourcecode.swift; path = APIManager.swift; sourceTree = "<group>"; };
		808BAE3B2977074100FD4596 /* EpisodesModel.swift */ = {isa = PBXFileReference; lastKnownFileType = sourcecode.swift; path = EpisodesModel.swift; sourceTree = "<group>"; };
		808BAE3D2977078000FD4596 /* EpisodesAPIManager.swift */ = {isa = PBXFileReference; lastKnownFileType = sourcecode.swift; path = EpisodesAPIManager.swift; sourceTree = "<group>"; };
		808BAE402977089800FD4596 /* CharactersTableViewCell.swift */ = {isa = PBXFileReference; lastKnownFileType = sourcecode.swift; path = CharactersTableViewCell.swift; sourceTree = "<group>"; };
		808BAE412977089800FD4596 /* CharactersTableViewCell.xib */ = {isa = PBXFileReference; lastKnownFileType = file.xib; path = CharactersTableViewCell.xib; sourceTree = "<group>"; };
		80BD1DEC297717150092E81E /* EpisodeTableViewCell.swift */ = {isa = PBXFileReference; lastKnownFileType = sourcecode.swift; path = EpisodeTableViewCell.swift; sourceTree = "<group>"; };
		80BD1DED297717150092E81E /* EpisodeTableViewCell.xib */ = {isa = PBXFileReference; lastKnownFileType = file.xib; path = EpisodeTableViewCell.xib; sourceTree = "<group>"; };
/* End PBXFileReference section */

/* Begin PBXFrameworksBuildPhase section */
		808BAE092976F24F00FD4596 /* Frameworks */ = {
			isa = PBXFrameworksBuildPhase;
			buildActionMask = 2147483647;
			files = (
				808BAE4629770AE000FD4596 /* Kingfisher in Frameworks */,
			);
			runOnlyForDeploymentPostprocessing = 0;
		};
/* End PBXFrameworksBuildPhase section */

/* Begin PBXGroup section */
		808614B92977D4470082F4E4 /* EpisodePlayer */ = {
			isa = PBXGroup;
			children = (
				808614BA2977D4560082F4E4 /* EpisodePlayer.storyboard */,
				808614BC2977D46C0082F4E4 /* EpisodePlayerViewController.swift */,
			);
			path = EpisodePlayer;
			sourceTree = "<group>";
		};
		808BAE032976F24F00FD4596 = {
			isa = PBXGroup;
			children = (
				808BAE0E2976F24F00FD4596 /* RickAndMortyApp */,
				808BAE0D2976F24F00FD4596 /* Products */,
			);
			sourceTree = "<group>";
		};
		808BAE0D2976F24F00FD4596 /* Products */ = {
			isa = PBXGroup;
			children = (
				808BAE0C2976F24F00FD4596 /* RickAndMortyApp.app */,
			);
			name = Products;
			sourceTree = "<group>";
		};
		808BAE0E2976F24F00FD4596 /* RickAndMortyApp */ = {
			isa = PBXGroup;
			children = (
				808BAE232976F25E00FD4596 /* App */,
				808BAE242976F30400FD4596 /* Scenes */,
				808BAE252976F30900FD4596 /* Resources */,
				808BAE262976F30F00FD4596 /* SupportingFiles */,
			);
			path = RickAndMortyApp;
			sourceTree = "<group>";
		};
		808BAE232976F25E00FD4596 /* App */ = {
			isa = PBXGroup;
			children = (
				808BAE0F2976F24F00FD4596 /* AppDelegate.swift */,
				808BAE112976F24F00FD4596 /* SceneDelegate.swift */,
			);
			path = App;
			sourceTree = "<group>";
		};
		808BAE242976F30400FD4596 /* Scenes */ = {
			isa = PBXGroup;
			children = (
				808614B92977D4470082F4E4 /* EpisodePlayer */,
				80BD1DEB297716F80092E81E /* RMEpisodeTableView */,
				808BAE3F2977087600FD4596 /* CharacterTableView */,
				808BAE382977032800FD4596 /* RMAPIManager */,
				808BAE352977030F00FD4596 /* Model */,
				808BAE272976F32400FD4596 /* Launch */,
				808BAE282977009E00FD4596 /* TabBar */,
				808BAE292977010500FD4596 /* CharacetersFiles */,
				808BAE2E2977012E00FD4596 /* EpisodesFiles  */,
			);
			path = Scenes;
			sourceTree = "<group>";
		};
		808BAE252976F30900FD4596 /* Resources */ = {
			isa = PBXGroup;
			children = (
				808BAE182976F25000FD4596 /* Assets.xcassets */,
			);
			path = Resources;
			sourceTree = "<group>";
		};
		808BAE262976F30F00FD4596 /* SupportingFiles */ = {
			isa = PBXGroup;
			children = (
				808BAE1D2976F25000FD4596 /* Info.plist */,
			);
			path = SupportingFiles;
			sourceTree = "<group>";
		};
		808BAE272976F32400FD4596 /* Launch */ = {
			isa = PBXGroup;
			children = (
				808BAE1A2976F25000FD4596 /* LaunchScreen.storyboard */,
			);
			path = Launch;
			sourceTree = "<group>";
		};
		808BAE282977009E00FD4596 /* TabBar */ = {
			isa = PBXGroup;
			children = (
				808BAE152976F24F00FD4596 /* Main.storyboard */,
				808BAE332977018200FD4596 /* TabBarController.swift */,
			);
			path = TabBar;
			sourceTree = "<group>";
		};
		808BAE292977010500FD4596 /* CharacetersFiles */ = {
			isa = PBXGroup;
			children = (
				808BAE2A2977011800FD4596 /* Character.storyboard */,
				808BAE2C2977012B00FD4596 /* CharacterViewController.swift */,
			);
			path = CharacetersFiles;
			sourceTree = "<group>";
		};
		808BAE2E2977012E00FD4596 /* EpisodesFiles  */ = {
			isa = PBXGroup;
			children = (
				808BAE2F2977013B00FD4596 /* Episodes.storyboard */,
				808BAE312977014900FD4596 /* EpisodesViewController.swift */,
			);
			path = "EpisodesFiles ";
			sourceTree = "<group>";
		};
		808BAE352977030F00FD4596 /* Model */ = {
			isa = PBXGroup;
			children = (
				808BAE362977032500FD4596 /* RMmodelCharacters.swift */,
				808BAE3B2977074100FD4596 /* EpisodesModel.swift */,
			);
			path = Model;
			sourceTree = "<group>";
		};
		808BAE382977032800FD4596 /* RMAPIManager */ = {
			isa = PBXGroup;
			children = (
				808BAE392977033E00FD4596 /* APIManager.swift */,
				808BAE3D2977078000FD4596 /* EpisodesAPIManager.swift */,
			);
			path = RMAPIManager;
			sourceTree = "<group>";
		};
		808BAE3F2977087600FD4596 /* CharacterTableView */ = {
			isa = PBXGroup;
			children = (
				808BAE402977089800FD4596 /* CharactersTableViewCell.swift */,
				808BAE412977089800FD4596 /* CharactersTableViewCell.xib */,
			);
			path = CharacterTableView;
			sourceTree = "<group>";
		};
		80BD1DEB297716F80092E81E /* RMEpisodeTableView */ = {
			isa = PBXGroup;
			children = (
				80BD1DEC297717150092E81E /* EpisodeTableViewCell.swift */,
				80BD1DED297717150092E81E /* EpisodeTableViewCell.xib */,
			);
			path = RMEpisodeTableView;
			sourceTree = "<group>";
		};
/* End PBXGroup section */

/* Begin PBXNativeTarget section */
		808BAE0B2976F24F00FD4596 /* RickAndMortyApp */ = {
			isa = PBXNativeTarget;
			buildConfigurationList = 808BAE202976F25100FD4596 /* Build configuration list for PBXNativeTarget "RickAndMortyApp" */;
			buildPhases = (
				808BAE082976F24F00FD4596 /* Sources */,
				808BAE092976F24F00FD4596 /* Frameworks */,
				808BAE0A2976F24F00FD4596 /* Resources */,
			);
			buildRules = (
			);
			dependencies = (
			);
			name = RickAndMortyApp;
			packageProductDependencies = (
				808BAE4529770AE000FD4596 /* Kingfisher */,
			);
			productName = RickAndMortyApp;
			productReference = 808BAE0C2976F24F00FD4596 /* RickAndMortyApp.app */;
			productType = "com.apple.product-type.application";
		};
/* End PBXNativeTarget section */

/* Begin PBXProject section */
		808BAE042976F24F00FD4596 /* Project object */ = {
			isa = PBXProject;
			attributes = {
				BuildIndependentTargetsInParallel = 1;
				LastSwiftUpdateCheck = 1420;
				LastUpgradeCheck = 1420;
				TargetAttributes = {
					808BAE0B2976F24F00FD4596 = {
						CreatedOnToolsVersion = 14.2;
					};
				};
			};
			buildConfigurationList = 808BAE072976F24F00FD4596 /* Build configuration list for PBXProject "RickAndMortyApp" */;
			compatibilityVersion = "Xcode 14.0";
			developmentRegion = en;
			hasScannedForEncodings = 0;
			knownRegions = (
				en,
				Base,
			);
			mainGroup = 808BAE032976F24F00FD4596;
			packageReferences = (
				808BAE4429770ADF00FD4596 /* XCRemoteSwiftPackageReference "Kingfisher" */,
			);
			productRefGroup = 808BAE0D2976F24F00FD4596 /* Products */;
			projectDirPath = "";
			projectRoot = "";
			targets = (
				808BAE0B2976F24F00FD4596 /* RickAndMortyApp */,
			);
		};
/* End PBXProject section */

/* Begin PBXResourcesBuildPhase section */
		808BAE0A2976F24F00FD4596 /* Resources */ = {
			isa = PBXResourcesBuildPhase;
			buildActionMask = 2147483647;
			files = (
				808BAE302977013B00FD4596 /* Episodes.storyboard in Resources */,
				808BAE2B2977011800FD4596 /* Character.storyboard in Resources */,
				808BAE1C2976F25000FD4596 /* LaunchScreen.storyboard in Resources */,
				80BD1DEF297717150092E81E /* EpisodeTableViewCell.xib in Resources */,
				808BAE192976F25000FD4596 /* Assets.xcassets in Resources */,
				808614BB2977D4560082F4E4 /* EpisodePlayer.storyboard in Resources */,
				808BAE172976F24F00FD4596 /* Main.storyboard in Resources */,
				808BAE432977089800FD4596 /* CharactersTableViewCell.xib in Resources */,
			);
			runOnlyForDeploymentPostprocessing = 0;
		};
/* End PBXResourcesBuildPhase section */

/* Begin PBXSourcesBuildPhase section */
		808BAE082976F24F00FD4596 /* Sources */ = {
			isa = PBXSourcesBuildPhase;
			buildActionMask = 2147483647;
			files = (
				808BAE2D2977012B00FD4596 /* CharacterViewController.swift in Sources */,
				808BAE102976F24F00FD4596 /* AppDelegate.swift in Sources */,
				808BAE322977014900FD4596 /* EpisodesViewController.swift in Sources */,
				808614BD2977D46C0082F4E4 /* EpisodePlayerViewController.swift in Sources */,
				808BAE422977089800FD4596 /* CharactersTableViewCell.swift in Sources */,
				808BAE3C2977074100FD4596 /* EpisodesModel.swift in Sources */,
				808BAE342977018200FD4596 /* TabBarController.swift in Sources */,
				80BD1DEE297717150092E81E /* EpisodeTableViewCell.swift in Sources */,
				808BAE372977032500FD4596 /* RMmodelCharacters.swift in Sources */,
				808BAE3E2977078000FD4596 /* EpisodesAPIManager.swift in Sources */,
				808BAE122976F24F00FD4596 /* SceneDelegate.swift in Sources */,
				808BAE3A2977033E00FD4596 /* APIManager.swift in Sources */,
			);
			runOnlyForDeploymentPostprocessing = 0;
		};
/* End PBXSourcesBuildPhase section */

/* Begin PBXVariantGroup section */
		808BAE152976F24F00FD4596 /* Main.storyboard */ = {
			isa = PBXVariantGroup;
			children = (
				808BAE162976F24F00FD4596 /* Base */,
			);
			name = Main.storyboard;
			sourceTree = "<group>";
		};
		808BAE1A2976F25000FD4596 /* LaunchScreen.storyboard */ = {
			isa = PBXVariantGroup;
			children = (
				808BAE1B2976F25000FD4596 /* Base */,
			);
			name = LaunchScreen.storyboard;
			sourceTree = "<group>";
		};
/* End PBXVariantGroup section */

/* Begin XCBuildConfiguration section */
		808BAE1E2976F25000FD4596 /* Debug */ = {
			isa = XCBuildConfiguration;
			buildSettings = {
				ALWAYS_SEARCH_USER_PATHS = NO;
				CLANG_ANALYZER_NONNULL = YES;
				CLANG_ANALYZER_NUMBER_OBJECT_CONVERSION = YES_AGGRESSIVE;
				CLANG_CXX_LANGUAGE_STANDARD = "gnu++20";
				CLANG_ENABLE_MODULES = YES;
				CLANG_ENABLE_OBJC_ARC = YES;
				CLANG_ENABLE_OBJC_WEAK = YES;
				CLANG_WARN_BLOCK_CAPTURE_AUTORELEASING = YES;
				CLANG_WARN_BOOL_CONVERSION = YES;
				CLANG_WARN_COMMA = YES;
				CLANG_WARN_CONSTANT_CONVERSION = YES;
				CLANG_WARN_DEPRECATED_OBJC_IMPLEMENTATIONS = YES;
				CLANG_WARN_DIRECT_OBJC_ISA_USAGE = YES_ERROR;
				CLANG_WARN_DOCUMENTATION_COMMENTS = YES;
				CLANG_WARN_EMPTY_BODY = YES;
				CLANG_WARN_ENUM_CONVERSION = YES;
				CLANG_WARN_INFINITE_RECURSION = YES;
				CLANG_WARN_INT_CONVERSION = YES;
				CLANG_WARN_NON_LITERAL_NULL_CONVERSION = YES;
				CLANG_WARN_OBJC_IMPLICIT_RETAIN_SELF = YES;
				CLANG_WARN_OBJC_LITERAL_CONVERSION = YES;
				CLANG_WARN_OBJC_ROOT_CLASS = YES_ERROR;
				CLANG_WARN_QUOTED_INCLUDE_IN_FRAMEWORK_HEADER = YES;
				CLANG_WARN_RANGE_LOOP_ANALYSIS = YES;
				CLANG_WARN_STRICT_PROTOTYPES = YES;
				CLANG_WARN_SUSPICIOUS_MOVE = YES;
				CLANG_WARN_UNGUARDED_AVAILABILITY = YES_AGGRESSIVE;
				CLANG_WARN_UNREACHABLE_CODE = YES;
				CLANG_WARN__DUPLICATE_METHOD_MATCH = YES;
				COPY_PHASE_STRIP = NO;
				DEBUG_INFORMATION_FORMAT = dwarf;
				ENABLE_STRICT_OBJC_MSGSEND = YES;
				ENABLE_TESTABILITY = YES;
				GCC_C_LANGUAGE_STANDARD = gnu11;
				GCC_DYNAMIC_NO_PIC = NO;
				GCC_NO_COMMON_BLOCKS = YES;
				GCC_OPTIMIZATION_LEVEL = 0;
				GCC_PREPROCESSOR_DEFINITIONS = (
					"DEBUG=1",
					"$(inherited)",
				);
				GCC_WARN_64_TO_32_BIT_CONVERSION = YES;
				GCC_WARN_ABOUT_RETURN_TYPE = YES_ERROR;
				GCC_WARN_UNDECLARED_SELECTOR = YES;
				GCC_WARN_UNINITIALIZED_AUTOS = YES_AGGRESSIVE;
				GCC_WARN_UNUSED_FUNCTION = YES;
				GCC_WARN_UNUSED_VARIABLE = YES;
				IPHONEOS_DEPLOYMENT_TARGET = 16.2;
				MTL_ENABLE_DEBUG_INFO = INCLUDE_SOURCE;
				MTL_FAST_MATH = YES;
				ONLY_ACTIVE_ARCH = YES;
				SDKROOT = iphoneos;
				SWIFT_ACTIVE_COMPILATION_CONDITIONS = DEBUG;
				SWIFT_OPTIMIZATION_LEVEL = "-Onone";
			};
			name = Debug;
		};
		808BAE1F2976F25000FD4596 /* Release */ = {
			isa = XCBuildConfiguration;
			buildSettings = {
				ALWAYS_SEARCH_USER_PATHS = NO;
				CLANG_ANALYZER_NONNULL = YES;
				CLANG_ANALYZER_NUMBER_OBJECT_CONVERSION = YES_AGGRESSIVE;
				CLANG_CXX_LANGUAGE_STANDARD = "gnu++20";
				CLANG_ENABLE_MODULES = YES;
				CLANG_ENABLE_OBJC_ARC = YES;
				CLANG_ENABLE_OBJC_WEAK = YES;
				CLANG_WARN_BLOCK_CAPTURE_AUTORELEASING = YES;
				CLANG_WARN_BOOL_CONVERSION = YES;
				CLANG_WARN_COMMA = YES;
				CLANG_WARN_CONSTANT_CONVERSION = YES;
				CLANG_WARN_DEPRECATED_OBJC_IMPLEMENTATIONS = YES;
				CLANG_WARN_DIRECT_OBJC_ISA_USAGE = YES_ERROR;
				CLANG_WARN_DOCUMENTATION_COMMENTS = YES;
				CLANG_WARN_EMPTY_BODY = YES;
				CLANG_WARN_ENUM_CONVERSION = YES;
				CLANG_WARN_INFINITE_RECURSION = YES;
				CLANG_WARN_INT_CONVERSION = YES;
				CLANG_WARN_NON_LITERAL_NULL_CONVERSION = YES;
				CLANG_WARN_OBJC_IMPLICIT_RETAIN_SELF = YES;
				CLANG_WARN_OBJC_LITERAL_CONVERSION = YES;
				CLANG_WARN_OBJC_ROOT_CLASS = YES_ERROR;
				CLANG_WARN_QUOTED_INCLUDE_IN_FRAMEWORK_HEADER = YES;
				CLANG_WARN_RANGE_LOOP_ANALYSIS = YES;
				CLANG_WARN_STRICT_PROTOTYPES = YES;
				CLANG_WARN_SUSPICIOUS_MOVE = YES;
				CLANG_WARN_UNGUARDED_AVAILABILITY = YES_AGGRESSIVE;
				CLANG_WARN_UNREACHABLE_CODE = YES;
				CLANG_WARN__DUPLICATE_METHOD_MATCH = YES;
				COPY_PHASE_STRIP = NO;
				DEBUG_INFORMATION_FORMAT = "dwarf-with-dsym";
				ENABLE_NS_ASSERTIONS = NO;
				ENABLE_STRICT_OBJC_MSGSEND = YES;
				GCC_C_LANGUAGE_STANDARD = gnu11;
				GCC_NO_COMMON_BLOCKS = YES;
				GCC_WARN_64_TO_32_BIT_CONVERSION = YES;
				GCC_WARN_ABOUT_RETURN_TYPE = YES_ERROR;
				GCC_WARN_UNDECLARED_SELECTOR = YES;
				GCC_WARN_UNINITIALIZED_AUTOS = YES_AGGRESSIVE;
				GCC_WARN_UNUSED_FUNCTION = YES;
				GCC_WARN_UNUSED_VARIABLE = YES;
				IPHONEOS_DEPLOYMENT_TARGET = 16.2;
				MTL_ENABLE_DEBUG_INFO = NO;
				MTL_FAST_MATH = YES;
				SDKROOT = iphoneos;
				SWIFT_COMPILATION_MODE = wholemodule;
				SWIFT_OPTIMIZATION_LEVEL = "-O";
				VALIDATE_PRODUCT = YES;
			};
			name = Release;
		};
		808BAE212976F25100FD4596 /* Debug */ = {
			isa = XCBuildConfiguration;
			buildSettings = {
				ASSETCATALOG_COMPILER_APPICON_NAME = AppIcon;
				ASSETCATALOG_COMPILER_GLOBAL_ACCENT_COLOR_NAME = AccentColor;
				CODE_SIGN_STYLE = Automatic;
				CURRENT_PROJECT_VERSION = 1;
				GENERATE_INFOPLIST_FILE = YES;
				INFOPLIST_FILE = RickAndMortyApp/SupportingFiles/Info.plist;
				INFOPLIST_KEY_UIApplicationSupportsIndirectInputEvents = YES;
				INFOPLIST_KEY_UILaunchStoryboardName = LaunchScreen;
				INFOPLIST_KEY_UIMainStoryboardFile = Main;
				INFOPLIST_KEY_UISupportedInterfaceOrientations_iPad = "UIInterfaceOrientationPortrait UIInterfaceOrientationPortraitUpsideDown UIInterfaceOrientationLandscapeLeft UIInterfaceOrientationLandscapeRight";
				INFOPLIST_KEY_UISupportedInterfaceOrientations_iPhone = "UIInterfaceOrientationPortrait UIInterfaceOrientationLandscapeLeft UIInterfaceOrientationLandscapeRight";
				LD_RUNPATH_SEARCH_PATHS = (
					"$(inherited)",
					"@executable_path/Frameworks",
				);
				MARKETING_VERSION = 1.0;
				PRODUCT_BUNDLE_IDENTIFIER = Freelance.RickAndMortyApp;
				PRODUCT_NAME = "$(TARGET_NAME)";
				SWIFT_EMIT_LOC_STRINGS = YES;
				SWIFT_VERSION = 5.0;
				TARGETED_DEVICE_FAMILY = "1,2";
			};
			name = Debug;
		};
		808BAE222976F25100FD4596 /* Release */ = {
			isa = XCBuildConfiguration;
			buildSettings = {
				ASSETCATALOG_COMPILER_APPICON_NAME = AppIcon;
				ASSETCATALOG_COMPILER_GLOBAL_ACCENT_COLOR_NAME = AccentColor;
				CODE_SIGN_STYLE = Automatic;
				CURRENT_PROJECT_VERSION = 1;
				GENERATE_INFOPLIST_FILE = YES;
				INFOPLIST_FILE = RickAndMortyApp/SupportingFiles/Info.plist;
				INFOPLIST_KEY_UIApplicationSupportsIndirectInputEvents = YES;
				INFOPLIST_KEY_UILaunchStoryboardName = LaunchScreen;
				INFOPLIST_KEY_UIMainStoryboardFile = Main;
				INFOPLIST_KEY_UISupportedInterfaceOrientations_iPad = "UIInterfaceOrientationPortrait UIInterfaceOrientationPortraitUpsideDown UIInterfaceOrientationLandscapeLeft UIInterfaceOrientationLandscapeRight";
				INFOPLIST_KEY_UISupportedInterfaceOrientations_iPhone = "UIInterfaceOrientationPortrait UIInterfaceOrientationLandscapeLeft UIInterfaceOrientationLandscapeRight";
				LD_RUNPATH_SEARCH_PATHS = (
					"$(inherited)",
					"@executable_path/Frameworks",
				);
				MARKETING_VERSION = 1.0;
				PRODUCT_BUNDLE_IDENTIFIER = Freelance.RickAndMortyApp;
				PRODUCT_NAME = "$(TARGET_NAME)";
				SWIFT_EMIT_LOC_STRINGS = YES;
				SWIFT_VERSION = 5.0;
				TARGETED_DEVICE_FAMILY = "1,2";
			};
			name = Release;
		};
/* End XCBuildConfiguration section */

/* Begin XCConfigurationList section */
		808BAE072976F24F00FD4596 /* Build configuration list for PBXProject "RickAndMortyApp" */ = {
			isa = XCConfigurationList;
			buildConfigurations = (
				808BAE1E2976F25000FD4596 /* Debug */,
				808BAE1F2976F25000FD4596 /* Release */,
			);
			defaultConfigurationIsVisible = 0;
			defaultConfigurationName = Release;
		};
		808BAE202976F25100FD4596 /* Build configuration list for PBXNativeTarget "RickAndMortyApp" */ = {
			isa = XCConfigurationList;
			buildConfigurations = (
				808BAE212976F25100FD4596 /* Debug */,
				808BAE222976F25100FD4596 /* Release */,
			);
			defaultConfigurationIsVisible = 0;
			defaultConfigurationName = Release;
		};
/* End XCConfigurationList section */

/* Begin XCRemoteSwiftPackageReference section */
		808BAE4429770ADF00FD4596 /* XCRemoteSwiftPackageReference "Kingfisher" */ = {
			isa = XCRemoteSwiftPackageReference;
			repositoryURL = "https://github.com/onevcat/Kingfisher";
			requirement = {
				branch = master;
				kind = branch;
			};
		};
/* End XCRemoteSwiftPackageReference section */

/* Begin XCSwiftPackageProductDependency section */
		808BAE4529770AE000FD4596 /* Kingfisher */ = {
			isa = XCSwiftPackageProductDependency;
			package = 808BAE4429770ADF00FD4596 /* XCRemoteSwiftPackageReference "Kingfisher" */;
			productName = Kingfisher;
		};
/* End XCSwiftPackageProductDependency section */
	};
	rootObject = 808BAE042976F24F00FD4596 /* Project object */;
}
